// !$*UTF8*$!
{
	archiveVersion = 1;
	classes = {
	};
	objectVersion = 55;
	objects = {

/* Begin PBXBuildFile section */
		4E695A40282AD2D8006DAF6B /* tvOSDemoApp.swift in Sources */ = {isa = PBXBuildFile; fileRef = 4E695A3F282AD2D8006DAF6B /* tvOSDemoApp.swift */; };
		4E695A42282AD2D8006DAF6B /* ContentView.swift in Sources */ = {isa = PBXBuildFile; fileRef = 4E695A41282AD2D8006DAF6B /* ContentView.swift */; };
		4E695A44282AD2DA006DAF6B /* Assets.xcassets in Resources */ = {isa = PBXBuildFile; fileRef = 4E695A43282AD2DA006DAF6B /* Assets.xcassets */; };
		4E695A47282AD2DA006DAF6B /* Preview Assets.xcassets in Resources */ = {isa = PBXBuildFile; fileRef = 4E695A46282AD2DA006DAF6B /* Preview Assets.xcassets */; };
		4E695A4F282C3F0C006DAF6B /* TimerManager.swift in Sources */ = {isa = PBXBuildFile; fileRef = 4E695A4E282C3F0C006DAF6B /* TimerManager.swift */; };
		4E695A51282C3F32006DAF6B /* LifeBarManager.swift in Sources */ = {isa = PBXBuildFile; fileRef = 4E695A50282C3F32006DAF6B /* LifeBarManager.swift */; };
		4E695A53282C3F50006DAF6B /* GameView.swift in Sources */ = {isa = PBXBuildFile; fileRef = 4E695A52282C3F50006DAF6B /* GameView.swift */; };
		4E695A55282C3F7D006DAF6B /* GameScene.swift in Sources */ = {isa = PBXBuildFile; fileRef = 4E695A54282C3F7D006DAF6B /* GameScene.swift */; };
		4E695A57282C3F9A006DAF6B /* PositionGenerator.swift in Sources */ = {isa = PBXBuildFile; fileRef = 4E695A56282C3F9A006DAF6B /* PositionGenerator.swift */; };
		4E695A59282C3FB2006DAF6B /* Factory.swift in Sources */ = {isa = PBXBuildFile; fileRef = 4E695A58282C3FB2006DAF6B /* Factory.swift */; };
/* End PBXBuildFile section */

/* Begin PBXFileReference section */
		4E695A3C282AD2D8006DAF6B /* tvOSDemo.app */ = {isa = PBXFileReference; explicitFileType = wrapper.application; includeInIndex = 0; path = tvOSDemo.app; sourceTree = BUILT_PRODUCTS_DIR; };
		4E695A3F282AD2D8006DAF6B /* tvOSDemoApp.swift */ = {isa = PBXFileReference; lastKnownFileType = sourcecode.swift; path = tvOSDemoApp.swift; sourceTree = "<group>"; };
		4E695A41282AD2D8006DAF6B /* ContentView.swift */ = {isa = PBXFileReference; lastKnownFileType = sourcecode.swift; path = ContentView.swift; sourceTree = "<group>"; };
		4E695A43282AD2DA006DAF6B /* Assets.xcassets */ = {isa = PBXFileReference; lastKnownFileType = folder.assetcatalog; path = Assets.xcassets; sourceTree = "<group>"; };
		4E695A46282AD2DA006DAF6B /* Preview Assets.xcassets */ = {isa = PBXFileReference; lastKnownFileType = folder.assetcatalog; path = "Preview Assets.xcassets"; sourceTree = "<group>"; };
		4E695A4E282C3F0C006DAF6B /* TimerManager.swift */ = {isa = PBXFileReference; lastKnownFileType = sourcecode.swift; path = TimerManager.swift; sourceTree = "<group>"; };
		4E695A50282C3F32006DAF6B /* LifeBarManager.swift */ = {isa = PBXFileReference; lastKnownFileType = sourcecode.swift; path = LifeBarManager.swift; sourceTree = "<group>"; };
		4E695A52282C3F50006DAF6B /* GameView.swift */ = {isa = PBXFileReference; lastKnownFileType = sourcecode.swift; path = GameView.swift; sourceTree = "<group>"; };
		4E695A54282C3F7D006DAF6B /* GameScene.swift */ = {isa = PBXFileReference; lastKnownFileType = sourcecode.swift; path = GameScene.swift; sourceTree = "<group>"; };
		4E695A56282C3F9A006DAF6B /* PositionGenerator.swift */ = {isa = PBXFileReference; lastKnownFileType = sourcecode.swift; path = PositionGenerator.swift; sourceTree = "<group>"; };
		4E695A58282C3FB2006DAF6B /* Factory.swift */ = {isa = PBXFileReference; lastKnownFileType = sourcecode.swift; path = Factory.swift; sourceTree = "<group>"; };
/* End PBXFileReference section */

/* Begin PBXFrameworksBuildPhase section */
		4E695A39282AD2D8006DAF6B /* Frameworks */ = {
			isa = PBXFrameworksBuildPhase;
			buildActionMask = 2147483647;
			files = (
			);
			runOnlyForDeploymentPostprocessing = 0;
		};
/* End PBXFrameworksBuildPhase section */

/* Begin PBXGroup section */
		4E695A33282AD2D8006DAF6B = {
			isa = PBXGroup;
			children = (
				4E695A3E282AD2D8006DAF6B /* tvOSDemo */,
				4E695A3D282AD2D8006DAF6B /* Products */,
			);
			sourceTree = "<group>";
		};
		4E695A3D282AD2D8006DAF6B /* Products */ = {
			isa = PBXGroup;
			children = (
				4E695A3C282AD2D8006DAF6B /* tvOSDemo.app */,
			);
			name = Products;
			sourceTree = "<group>";
		};
		4E695A3E282AD2D8006DAF6B /* tvOSDemo */ = {
			isa = PBXGroup;
			children = (
				4E695A5A282C54C5006DAF6B /* View */,
				4E695A4D282C3EFA006DAF6B /* Utils */,
				4E695A3F282AD2D8006DAF6B /* tvOSDemoApp.swift */,
				4E695A41282AD2D8006DAF6B /* ContentView.swift */,
				4E695A43282AD2DA006DAF6B /* Assets.xcassets */,
				4E695A45282AD2DA006DAF6B /* Preview Content */,
			);
			path = tvOSDemo;
			sourceTree = "<group>";
		};
		4E695A45282AD2DA006DAF6B /* Preview Content */ = {
			isa = PBXGroup;
			children = (
				4E695A46282AD2DA006DAF6B /* Preview Assets.xcassets */,
			);
			path = "Preview Content";
			sourceTree = "<group>";
		};
		4E695A4D282C3EFA006DAF6B /* Utils */ = {
			isa = PBXGroup;
			children = (
				4E695A4E282C3F0C006DAF6B /* TimerManager.swift */,
				4E695A50282C3F32006DAF6B /* LifeBarManager.swift */,
				4E695A56282C3F9A006DAF6B /* PositionGenerator.swift */,
				4E695A58282C3FB2006DAF6B /* Factory.swift */,
			);
			path = Utils;
			sourceTree = "<group>";
		};
		4E695A5A282C54C5006DAF6B /* View */ = {
			isa = PBXGroup;
			children = (
				4E695A52282C3F50006DAF6B /* GameView.swift */,
				4E695A54282C3F7D006DAF6B /* GameScene.swift */,
			);
			path = View;
			sourceTree = "<group>";
		};
/* End PBXGroup section */

/* Begin PBXNativeTarget section */
		4E695A3B282AD2D8006DAF6B /* tvOSDemo */ = {
			isa = PBXNativeTarget;
			buildConfigurationList = 4E695A4A282AD2DA006DAF6B /* Build configuration list for PBXNativeTarget "tvOSDemo" */;
			buildPhases = (
				4E695A38282AD2D8006DAF6B /* Sources */,
				4E695A39282AD2D8006DAF6B /* Frameworks */,
				4E695A3A282AD2D8006DAF6B /* Resources */,
			);
			buildRules = (
			);
			dependencies = (
			);
			name = tvOSDemo;
			productName = tvOSDemo;
			productReference = 4E695A3C282AD2D8006DAF6B /* tvOSDemo.app */;
			productType = "com.apple.product-type.application";
		};
/* End PBXNativeTarget section */

/* Begin PBXProject section */
		4E695A34282AD2D8006DAF6B /* Project object */ = {
			isa = PBXProject;
			attributes = {
				BuildIndependentTargetsInParallel = 1;
				LastSwiftUpdateCheck = 1330;
				LastUpgradeCheck = 1330;
				TargetAttributes = {
					4E695A3B282AD2D8006DAF6B = {
						CreatedOnToolsVersion = 13.3.1;
					};
				};
			};
			buildConfigurationList = 4E695A37282AD2D8006DAF6B /* Build configuration list for PBXProject "tvOSDemo" */;
			compatibilityVersion = "Xcode 13.0";
			developmentRegion = en;
			hasScannedForEncodings = 0;
			knownRegions = (
				en,
				Base,
			);
			mainGroup = 4E695A33282AD2D8006DAF6B;
			productRefGroup = 4E695A3D282AD2D8006DAF6B /* Products */;
			projectDirPath = "";
			projectRoot = "";
			targets = (
				4E695A3B282AD2D8006DAF6B /* tvOSDemo */,
			);
		};
/* End PBXProject section */

/* Begin PBXResourcesBuildPhase section */
		4E695A3A282AD2D8006DAF6B /* Resources */ = {
			isa = PBXResourcesBuildPhase;
			buildActionMask = 2147483647;
			files = (
				4E695A47282AD2DA006DAF6B /* Preview Assets.xcassets in Resources */,
				4E695A44282AD2DA006DAF6B /* Assets.xcassets in Resources */,
			);
			runOnlyForDeploymentPostprocessing = 0;
		};
/* End PBXResourcesBuildPhase section */

/* Begin PBXSourcesBuildPhase section */
		4E695A38282AD2D8006DAF6B /* Sources */ = {
			isa = PBXSourcesBuildPhase;
			buildActionMask = 2147483647;
			files = (
				4E695A59282C3FB2006DAF6B /* Factory.swift in Sources */,
				4E695A55282C3F7D006DAF6B /* GameScene.swift in Sources */,
				4E695A4F282C3F0C006DAF6B /* TimerManager.swift in Sources */,
				4E695A42282AD2D8006DAF6B /* ContentView.swift in Sources */,
				4E695A57282C3F9A006DAF6B /* PositionGenerator.swift in Sources */,
				4E695A40282AD2D8006DAF6B /* tvOSDemoApp.swift in Sources */,
				4E695A51282C3F32006DAF6B /* LifeBarManager.swift in Sources */,
				4E695A53282C3F50006DAF6B /* GameView.swift in Sources */,
			);
			runOnlyForDeploymentPostprocessing = 0;
		};
/* End PBXSourcesBuildPhase section */

/* Begin XCBuildConfiguration section */
		4E695A48282AD2DA006DAF6B /* Debug */ = {
			isa = XCBuildConfiguration;
			buildSettings = {
				ALWAYS_SEARCH_USER_PATHS = NO;
				CLANG_ANALYZER_NONNULL = YES;
				CLANG_ANALYZER_NUMBER_OBJECT_CONVERSION = YES_AGGRESSIVE;
				CLANG_CXX_LANGUAGE_STANDARD = "gnu++17";
				CLANG_ENABLE_MODULES = YES;
				CLANG_ENABLE_OBJC_ARC = YES;
				CLANG_ENABLE_OBJC_WEAK = YES;
				CLANG_WARN_BLOCK_CAPTURE_AUTORELEASING = YES;
				CLANG_WARN_BOOL_CONVERSION = YES;
				CLANG_WARN_COMMA = YES;
				CLANG_WARN_CONSTANT_CONVERSION = YES;
				CLANG_WARN_DEPRECATED_OBJC_IMPLEMENTATIONS = YES;
				CLANG_WARN_DIRECT_OBJC_ISA_USAGE = YES_ERROR;
				CLANG_WARN_DOCUMENTATION_COMMENTS = YES;
				CLANG_WARN_EMPTY_BODY = YES;
				CLANG_WARN_ENUM_CONVERSION = YES;
				CLANG_WARN_INFINITE_RECURSION = YES;
				CLANG_WARN_INT_CONVERSION = YES;
				CLANG_WARN_NON_LITERAL_NULL_CONVERSION = YES;
				CLANG_WARN_OBJC_IMPLICIT_RETAIN_SELF = YES;
				CLANG_WARN_OBJC_LITERAL_CONVERSION = YES;
				CLANG_WARN_OBJC_ROOT_CLASS = YES_ERROR;
				CLANG_WARN_QUOTED_INCLUDE_IN_FRAMEWORK_HEADER = YES;
				CLANG_WARN_RANGE_LOOP_ANALYSIS = YES;
				CLANG_WARN_STRICT_PROTOTYPES = YES;
				CLANG_WARN_SUSPICIOUS_MOVE = YES;
				CLANG_WARN_UNGUARDED_AVAILABILITY = YES_AGGRESSIVE;
				CLANG_WARN_UNREACHABLE_CODE = YES;
				CLANG_WARN__DUPLICATE_METHOD_MATCH = YES;
				COPY_PHASE_STRIP = NO;
				DEBUG_INFORMATION_FORMAT = dwarf;
				ENABLE_STRICT_OBJC_MSGSEND = YES;
				ENABLE_TESTABILITY = YES;
				GCC_C_LANGUAGE_STANDARD = gnu11;
				GCC_DYNAMIC_NO_PIC = NO;
				GCC_NO_COMMON_BLOCKS = YES;
				GCC_OPTIMIZATION_LEVEL = 0;
				GCC_PREPROCESSOR_DEFINITIONS = (
					"DEBUG=1",
					"$(inherited)",
				);
				GCC_WARN_64_TO_32_BIT_CONVERSION = YES;
				GCC_WARN_ABOUT_RETURN_TYPE = YES_ERROR;
				GCC_WARN_UNDECLARED_SELECTOR = YES;
				GCC_WARN_UNINITIALIZED_AUTOS = YES_AGGRESSIVE;
				GCC_WARN_UNUSED_FUNCTION = YES;
				GCC_WARN_UNUSED_VARIABLE = YES;
				MTL_ENABLE_DEBUG_INFO = INCLUDE_SOURCE;
				MTL_FAST_MATH = YES;
				ONLY_ACTIVE_ARCH = YES;
				SDKROOT = appletvos;
				SWIFT_ACTIVE_COMPILATION_CONDITIONS = DEBUG;
				SWIFT_OPTIMIZATION_LEVEL = "-Onone";
				TVOS_DEPLOYMENT_TARGET = 15.4;
			};
			name = Debug;
		};
		4E695A49282AD2DA006DAF6B /* Release */ = {
			isa = XCBuildConfiguration;
			buildSettings = {
				ALWAYS_SEARCH_USER_PATHS = NO;
				CLANG_ANALYZER_NONNULL = YES;
				CLANG_ANALYZER_NUMBER_OBJECT_CONVERSION = YES_AGGRESSIVE;
				CLANG_CXX_LANGUAGE_STANDARD = "gnu++17";
				CLANG_ENABLE_MODULES = YES;
				CLANG_ENABLE_OBJC_ARC = YES;
				CLANG_ENABLE_OBJC_WEAK = YES;
				CLANG_WARN_BLOCK_CAPTURE_AUTORELEASING = YES;
				CLANG_WARN_BOOL_CONVERSION = YES;
				CLANG_WARN_COMMA = YES;
				CLANG_WARN_CONSTANT_CONVERSION = YES;
				CLANG_WARN_DEPRECATED_OBJC_IMPLEMENTATIONS = YES;
				CLANG_WARN_DIRECT_OBJC_ISA_USAGE = YES_ERROR;
				CLANG_WARN_DOCUMENTATION_COMMENTS = YES;
				CLANG_WARN_EMPTY_BODY = YES;
				CLANG_WARN_ENUM_CONVERSION = YES;
				CLANG_WARN_INFINITE_RECURSION = YES;
				CLANG_WARN_INT_CONVERSION = YES;
				CLANG_WARN_NON_LITERAL_NULL_CONVERSION = YES;
				CLANG_WARN_OBJC_IMPLICIT_RETAIN_SELF = YES;
				CLANG_WARN_OBJC_LITERAL_CONVERSION = YES;
				CLANG_WARN_OBJC_ROOT_CLASS = YES_ERROR;
				CLANG_WARN_QUOTED_INCLUDE_IN_FRAMEWORK_HEADER = YES;
				CLANG_WARN_RANGE_LOOP_ANALYSIS = YES;
				CLANG_WARN_STRICT_PROTOTYPES = YES;
				CLANG_WARN_SUSPICIOUS_MOVE = YES;
				CLANG_WARN_UNGUARDED_AVAILABILITY = YES_AGGRESSIVE;
				CLANG_WARN_UNREACHABLE_CODE = YES;
				CLANG_WARN__DUPLICATE_METHOD_MATCH = YES;
				COPY_PHASE_STRIP = NO;
				DEBUG_INFORMATION_FORMAT = "dwarf-with-dsym";
				ENABLE_NS_ASSERTIONS = NO;
				ENABLE_STRICT_OBJC_MSGSEND = YES;
				GCC_C_LANGUAGE_STANDARD = gnu11;
				GCC_NO_COMMON_BLOCKS = YES;
				GCC_WARN_64_TO_32_BIT_CONVERSION = YES;
				GCC_WARN_ABOUT_RETURN_TYPE = YES_ERROR;
				GCC_WARN_UNDECLARED_SELECTOR = YES;
				GCC_WARN_UNINITIALIZED_AUTOS = YES_AGGRESSIVE;
				GCC_WARN_UNUSED_FUNCTION = YES;
				GCC_WARN_UNUSED_VARIABLE = YES;
				MTL_ENABLE_DEBUG_INFO = NO;
				MTL_FAST_MATH = YES;
				SDKROOT = appletvos;
				SWIFT_COMPILATION_MODE = wholemodule;
				SWIFT_OPTIMIZATION_LEVEL = "-O";
				TVOS_DEPLOYMENT_TARGET = 15.4;
				VALIDATE_PRODUCT = YES;
			};
			name = Release;
		};
		4E695A4B282AD2DA006DAF6B /* Debug */ = {
			isa = XCBuildConfiguration;
			buildSettings = {
				ASSETCATALOG_COMPILER_APPICON_NAME = "App Icon & Top Shelf Image";
				ASSETCATALOG_COMPILER_GLOBAL_ACCENT_COLOR_NAME = AccentColor;
				CODE_SIGN_STYLE = Automatic;
				CURRENT_PROJECT_VERSION = 1;
				DEVELOPMENT_ASSET_PATHS = "\"tvOSDemo/Preview Content\"";
				DEVELOPMENT_TEAM = KYA6AZPJP7;
				ENABLE_PREVIEWS = YES;
				GENERATE_INFOPLIST_FILE = YES;
				INFOPLIST_KEY_UILaunchScreen_Generation = YES;
				INFOPLIST_KEY_UIUserInterfaceStyle = Automatic;
				LD_RUNPATH_SEARCH_PATHS = (
					"$(inherited)",
					"@executable_path/Frameworks",
				);
				MARKETING_VERSION = 1.0;
				PRODUCT_BUNDLE_IDENTIFIER = br.com.app.tvOSDemo;
				PRODUCT_NAME = "$(TARGET_NAME)";
				SWIFT_EMIT_LOC_STRINGS = YES;
				SWIFT_VERSION = 5.0;
				TARGETED_DEVICE_FAMILY = 3;
			};
			name = Debug;
		};
		4E695A4C282AD2DA006DAF6B /* Release */ = {
			isa = XCBuildConfiguration;
			buildSettings = {
				ASSETCATALOG_COMPILER_APPICON_NAME = "App Icon & Top Shelf Image";
				ASSETCATALOG_COMPILER_GLOBAL_ACCENT_COLOR_NAME = AccentColor;
				CODE_SIGN_STYLE = Automatic;
				CURRENT_PROJECT_VERSION = 1;
				DEVELOPMENT_ASSET_PATHS = "\"tvOSDemo/Preview Content\"";
				DEVELOPMENT_TEAM = KYA6AZPJP7;
				ENABLE_PREVIEWS = YES;
				GENERATE_INFOPLIST_FILE = YES;
				INFOPLIST_KEY_UILaunchScreen_Generation = YES;
				INFOPLIST_KEY_UIUserInterfaceStyle = Automatic;
				LD_RUNPATH_SEARCH_PATHS = (
					"$(inherited)",
					"@executable_path/Frameworks",
				);
				MARKETING_VERSION = 1.0;
				PRODUCT_BUNDLE_IDENTIFIER = br.com.app.tvOSDemo;
				PRODUCT_NAME = "$(TARGET_NAME)";
				SWIFT_EMIT_LOC_STRINGS = YES;
				SWIFT_VERSION = 5.0;
				TARGETED_DEVICE_FAMILY = 3;
			};
			name = Release;
		};
/* End XCBuildConfiguration section */

/* Begin XCConfigurationList section */
		4E695A37282AD2D8006DAF6B /* Build configuration list for PBXProject "tvOSDemo" */ = {
			isa = XCConfigurationList;
			buildConfigurations = (
				4E695A48282AD2DA006DAF6B /* Debug */,
				4E695A49282AD2DA006DAF6B /* Release */,
			);
			defaultConfigurationIsVisible = 0;
			defaultConfigurationName = Release;
		};
		4E695A4A282AD2DA006DAF6B /* Build configuration list for PBXNativeTarget "tvOSDemo" */ = {
			isa = XCConfigurationList;
			buildConfigurations = (
				4E695A4B282AD2DA006DAF6B /* Debug */,
				4E695A4C282AD2DA006DAF6B /* Release */,
			);
			defaultConfigurationIsVisible = 0;
			defaultConfigurationName = Release;
		};
/* End XCConfigurationList section */
	};
	rootObject = 4E695A34282AD2D8006DAF6B /* Project object */;
}
